
Microsoft Visual Studio Solution File, Format Version 12.00
# Visual Studio Version 16
VisualStudioVersion = 16.0.31129.286
MinimumVisualStudioVersion = 10.0.40219.1
Project("{FAE04EC0-301F-11D3-BF4B-00C04F79EFBC}") = "carlculadora", "carlculadora\carlculadora.csproj", "{98169B1A-DF52-4CEC-BF44-B04602B00AEA}"
EndProject
Global
	GlobalSection(SolutionConfigurationPlatforms) = preSolution
		Debug|Any CPU = Debug|Any CPU
		Release|Any CPU = Release|Any CPU
	EndGlobalSection
	GlobalSection(ProjectConfigurationPlatforms) = postSolution
		{98169B1A-DF52-4CEC-BF44-B04602B00AEA}.Debug|Any CPU.ActiveCfg = Debug|Any CPU
		{98169B1A-DF52-4CEC-BF44-B04602B00AEA}.Debug|Any CPU.Build.0 = Debug|Any CPU
		{98169B1A-DF52-4CEC-BF44-B04602B00AEA}.Release|Any CPU.ActiveCfg = Release|Any CPU
		{98169B1A-DF52-4CEC-BF44-B04602B00AEA}.Release|Any CPU.Build.0 = Release|Any CPU
	EndGlobalSection
	GlobalSection(SolutionProperties) = preSolution
		HideSolutionNode = FALSE
	EndGlobalSection
	GlobalSection(ExtensibilityGlobals) = postSolution
		SolutionGuid = {1F8D1314-524D-49FC-B245-177584AC5F3C}
	EndGlobalSection
EndGlobal
